
Microsoft Visual Studio Solution File, Format Version 12.00
# Visual Studio Version 16
VisualStudioVersion = 16.0.30611.23
MinimumVisualStudioVersion = 10.0.40219.1
Project("{FAE04EC0-301F-11D3-BF4B-00C04F79EFBC}") = "ConnectMe.Logic", "ConnectMe\ConnectMe.Logic.csproj", "{30DA4353-FD25-4EA7-A4D1-402F9670F26E}"
EndProject
Project("{FAE04EC0-301F-11D3-BF4B-00C04F79EFBC}") = "ConnectMe.App", "ConnectMe.App\ConnectMe.App.csproj", "{D6BC52B6-A0E2-4F14-994E-818DD4DF3530}"
EndProject
Global
	GlobalSection(SolutionConfigurationPlatforms) = preSolution
		Debug|Any CPU = Debug|Any CPU
		Release|Any CPU = Release|Any CPU
	EndGlobalSection
	GlobalSection(ProjectConfigurationPlatforms) = postSolution
		{30DA4353-FD25-4EA7-A4D1-402F9670F26E}.Debug|Any CPU.ActiveCfg = Debug|Any CPU
		{30DA4353-FD25-4EA7-A4D1-402F9670F26E}.Debug|Any CPU.Build.0 = Debug|Any CPU
		{30DA4353-FD25-4EA7-A4D1-402F9670F26E}.Release|Any CPU.ActiveCfg = Release|Any CPU
		{30DA4353-FD25-4EA7-A4D1-402F9670F26E}.Release|Any CPU.Build.0 = Release|Any CPU
		{D6BC52B6-A0E2-4F14-994E-818DD4DF3530}.Debug|Any CPU.ActiveCfg = Debug|Any CPU
		{D6BC52B6-A0E2-4F14-994E-818DD4DF3530}.Debug|Any CPU.Build.0 = Debug|Any CPU
		{D6BC52B6-A0E2-4F14-994E-818DD4DF3530}.Release|Any CPU.ActiveCfg = Release|Any CPU
		{D6BC52B6-A0E2-4F14-994E-818DD4DF3530}.Release|Any CPU.Build.0 = Release|Any CPU
	EndGlobalSection
	GlobalSection(SolutionProperties) = preSolution
		HideSolutionNode = FALSE
	EndGlobalSection
	GlobalSection(ExtensibilityGlobals) = postSolution
		SolutionGuid = {10113955-6C41-4B84-BCB8-A148D13F796D}
	EndGlobalSection
EndGlobal
